
Microsoft Visual Studio Solution File, Format Version 12.00
# Visual Studio Version 17
VisualStudioVersion = 17.10.35122.118
MinimumVisualStudioVersion = 10.0.40219.1
Project("{FAE04EC0-301F-11D3-BF4B-00C04F79EFBC}") = "ProjetoLocadora", "ProjetoLocadora.csproj", "{A463AB94-C517-401C-901B-5BA1D83F9140}"
EndProject
Global
	GlobalSection(SolutionConfigurationPlatforms) = preSolution
		Debug|Any CPU = Debug|Any CPU
		Release|Any CPU = Release|Any CPU
	EndGlobalSection
	GlobalSection(ProjectConfigurationPlatforms) = postSolution
		{A463AB94-C517-401C-901B-5BA1D83F9140}.Debug|Any CPU.ActiveCfg = Debug|Any CPU
		{A463AB94-C517-401C-901B-5BA1D83F9140}.Debug|Any CPU.Build.0 = Debug|Any CPU
		{A463AB94-C517-401C-901B-5BA1D83F9140}.Release|Any CPU.ActiveCfg = Release|Any CPU
		{A463AB94-C517-401C-901B-5BA1D83F9140}.Release|Any CPU.Build.0 = Release|Any CPU
	EndGlobalSection
	GlobalSection(SolutionProperties) = preSolution
		HideSolutionNode = FALSE
	EndGlobalSection
	GlobalSection(ExtensibilityGlobals) = postSolution
		SolutionGuid = {DBF3141D-166D-4A77-8808-6EEA732F5A2A}
	EndGlobalSection
EndGlobal
